
Microsoft Visual Studio Solution File, Format Version 12.00
# Visual Studio Version 17
VisualStudioVersion = 17.9.34728.123
MinimumVisualStudioVersion = 10.0.40219.1
Project("{8BC9CEB8-8B4A-11D0-8D11-00A0C91BC942}") = "NaMC", "NaMC.vcxproj", "{FB716016-BFAC-464B-A28B-B420E3079843}"
EndProject
Global
	GlobalSection(SolutionConfigurationPlatforms) = preSolution
		Debug|x64 = Debug|x64
		Debug|x86 = Debug|x86
		Release|x64 = Release|x64
		Release|x86 = Release|x86
	EndGlobalSection
	GlobalSection(ProjectConfigurationPlatforms) = postSolution
		{FB716016-BFAC-464B-A28B-B420E3079843}.Debug|x64.ActiveCfg = Debug|x64
		{FB716016-BFAC-464B-A28B-B420E3079843}.Debug|x64.Build.0 = Debug|x64
		{FB716016-BFAC-464B-A28B-B420E3079843}.Debug|x86.ActiveCfg = Debug|Win32
		{FB716016-BFAC-464B-A28B-B420E3079843}.Debug|x86.Build.0 = Debug|Win32
		{FB716016-BFAC-464B-A28B-B420E3079843}.Release|x64.ActiveCfg = Release|x64
		{FB716016-BFAC-464B-A28B-B420E3079843}.Release|x64.Build.0 = Release|x64
		{FB716016-BFAC-464B-A28B-B420E3079843}.Release|x86.ActiveCfg = Release|Win32
		{FB716016-BFAC-464B-A28B-B420E3079843}.Release|x86.Build.0 = Release|Win32
	EndGlobalSection
	GlobalSection(SolutionProperties) = preSolution
		HideSolutionNode = FALSE
	EndGlobalSection
	GlobalSection(ExtensibilityGlobals) = postSolution
		SolutionGuid = {0581F542-C774-4850-871C-380D82DEE7A6}
	EndGlobalSection
EndGlobal
